
Microsoft Visual Studio Solution File, Format Version 12.00
# Visual Studio 15
VisualStudioVersion = 15.0.28010.2036
MinimumVisualStudioVersion = 10.0.40219.1
Project("{9A19103F-16F7-4668-BE54-9A1E7A4F7556}") = "Employees", "Employees\Employees.csproj", "{20167633-41DC-4690-BD86-0287931473F5}"
EndProject
Project("{9A19103F-16F7-4668-BE54-9A1E7A4F7556}") = "Employees.Data", "Employees.Data\Employees.Data.csproj", "{46CB1268-BAA4-4642-96BC-C54B78D57910}"
EndProject
Project("{9A19103F-16F7-4668-BE54-9A1E7A4F7556}") = "Employees.WebAPI", "Employees.WebAPI\Employees.WebAPI.csproj", "{C362F125-94AB-49D1-81C7-4320AA04888B}"
EndProject
Project("{9A19103F-16F7-4668-BE54-9A1E7A4F7556}") = "Employees.Logic", "Employees.Business\Employees.Logic.csproj", "{6C8A6E97-C363-4764-B1B6-BF1C6CF771C3}"
EndProject
Project("{9A19103F-16F7-4668-BE54-9A1E7A4F7556}") = "Employees.Entities", "Employees.Entities\Employees.Entities.csproj", "{737C70A6-2E4E-434E-8765-317C19A9DCBF}"
EndProject
Global
	GlobalSection(SolutionConfigurationPlatforms) = preSolution
		Debug|Any CPU = Debug|Any CPU
		Release|Any CPU = Release|Any CPU
	EndGlobalSection
	GlobalSection(ProjectConfigurationPlatforms) = postSolution
		{20167633-41DC-4690-BD86-0287931473F5}.Debug|Any CPU.ActiveCfg = Debug|Any CPU
		{20167633-41DC-4690-BD86-0287931473F5}.Debug|Any CPU.Build.0 = Debug|Any CPU
		{20167633-41DC-4690-BD86-0287931473F5}.Release|Any CPU.ActiveCfg = Release|Any CPU
		{20167633-41DC-4690-BD86-0287931473F5}.Release|Any CPU.Build.0 = Release|Any CPU
		{46CB1268-BAA4-4642-96BC-C54B78D57910}.Debug|Any CPU.ActiveCfg = Debug|Any CPU
		{46CB1268-BAA4-4642-96BC-C54B78D57910}.Debug|Any CPU.Build.0 = Debug|Any CPU
		{46CB1268-BAA4-4642-96BC-C54B78D57910}.Release|Any CPU.ActiveCfg = Release|Any CPU
		{46CB1268-BAA4-4642-96BC-C54B78D57910}.Release|Any CPU.Build.0 = Release|Any CPU
		{C362F125-94AB-49D1-81C7-4320AA04888B}.Debug|Any CPU.ActiveCfg = Debug|Any CPU
		{C362F125-94AB-49D1-81C7-4320AA04888B}.Debug|Any CPU.Build.0 = Debug|Any CPU
		{C362F125-94AB-49D1-81C7-4320AA04888B}.Release|Any CPU.ActiveCfg = Release|Any CPU
		{C362F125-94AB-49D1-81C7-4320AA04888B}.Release|Any CPU.Build.0 = Release|Any CPU
		{6C8A6E97-C363-4764-B1B6-BF1C6CF771C3}.Debug|Any CPU.ActiveCfg = Debug|Any CPU
		{6C8A6E97-C363-4764-B1B6-BF1C6CF771C3}.Debug|Any CPU.Build.0 = Debug|Any CPU
		{6C8A6E97-C363-4764-B1B6-BF1C6CF771C3}.Release|Any CPU.ActiveCfg = Release|Any CPU
		{6C8A6E97-C363-4764-B1B6-BF1C6CF771C3}.Release|Any CPU.Build.0 = Release|Any CPU
		{737C70A6-2E4E-434E-8765-317C19A9DCBF}.Debug|Any CPU.ActiveCfg = Debug|Any CPU
		{737C70A6-2E4E-434E-8765-317C19A9DCBF}.Debug|Any CPU.Build.0 = Debug|Any CPU
		{737C70A6-2E4E-434E-8765-317C19A9DCBF}.Release|Any CPU.ActiveCfg = Release|Any CPU
		{737C70A6-2E4E-434E-8765-317C19A9DCBF}.Release|Any CPU.Build.0 = Release|Any CPU
	EndGlobalSection
	GlobalSection(SolutionProperties) = preSolution
		HideSolutionNode = FALSE
	EndGlobalSection
	GlobalSection(ExtensibilityGlobals) = postSolution
		SolutionGuid = {14A6DDB6-22D5-4921-8789-76A8BE5052C3}
	EndGlobalSection
EndGlobal
